
Microsoft Visual Studio Solution File, Format Version 12.00
# Visual Studio Version 17
VisualStudioVersion = 17.1.32228.430
MinimumVisualStudioVersion = 10.0.40219.1
Project("{FAE04EC0-301F-11D3-BF4B-00C04F79EFBC}") = "Delegates", "Delegates\Delegates.csproj", "{3A6FD1BE-E1F4-4DFF-BBE0-FFEFC0F14959}"
EndProject
Global
	GlobalSection(SolutionConfigurationPlatforms) = preSolution
		Debug|Any CPU = Debug|Any CPU
		Release|Any CPU = Release|Any CPU
	EndGlobalSection
	GlobalSection(ProjectConfigurationPlatforms) = postSolution
		{3A6FD1BE-E1F4-4DFF-BBE0-FFEFC0F14959}.Debug|Any CPU.ActiveCfg = Debug|Any CPU
		{3A6FD1BE-E1F4-4DFF-BBE0-FFEFC0F14959}.Debug|Any CPU.Build.0 = Debug|Any CPU
		{3A6FD1BE-E1F4-4DFF-BBE0-FFEFC0F14959}.Release|Any CPU.ActiveCfg = Release|Any CPU
		{3A6FD1BE-E1F4-4DFF-BBE0-FFEFC0F14959}.Release|Any CPU.Build.0 = Release|Any CPU
	EndGlobalSection
	GlobalSection(SolutionProperties) = preSolution
		HideSolutionNode = FALSE
	EndGlobalSection
	GlobalSection(ExtensibilityGlobals) = postSolution
		SolutionGuid = {00E32114-AF49-4F48-978B-D97ED25A63E1}
	EndGlobalSection
EndGlobal
